
Microsoft Visual Studio Solution File, Format Version 12.00
# Visual Studio Version 16
VisualStudioVersion = 16.0.31129.286
MinimumVisualStudioVersion = 10.0.40219.1
Project("{FAE04EC0-301F-11D3-BF4B-00C04F79EFBC}") = "ApiTest01", "ApiTest01.csproj", "{46F1C819-2BB3-4ED2-AD1D-857EDEC0FFD0}"
EndProject
Global
	GlobalSection(SolutionConfigurationPlatforms) = preSolution
		Debug|Any CPU = Debug|Any CPU
		Release|Any CPU = Release|Any CPU
	EndGlobalSection
	GlobalSection(ProjectConfigurationPlatforms) = postSolution
		{46F1C819-2BB3-4ED2-AD1D-857EDEC0FFD0}.Debug|Any CPU.ActiveCfg = Debug|Any CPU
		{46F1C819-2BB3-4ED2-AD1D-857EDEC0FFD0}.Debug|Any CPU.Build.0 = Debug|Any CPU
		{46F1C819-2BB3-4ED2-AD1D-857EDEC0FFD0}.Release|Any CPU.ActiveCfg = Release|Any CPU
		{46F1C819-2BB3-4ED2-AD1D-857EDEC0FFD0}.Release|Any CPU.Build.0 = Release|Any CPU
	EndGlobalSection
	GlobalSection(SolutionProperties) = preSolution
		HideSolutionNode = FALSE
	EndGlobalSection
	GlobalSection(ExtensibilityGlobals) = postSolution
		SolutionGuid = {3D3E4422-4861-43E5-87C8-31849A4F4E3C}
	EndGlobalSection
EndGlobal
